
Microsoft Visual Studio Solution File, Format Version 12.00
# Visual Studio 14
VisualStudioVersion = 14.0.23107.0
MinimumVisualStudioVersion = 10.0.40219.1
Project("{FAE04EC0-301F-11D3-BF4B-00C04F79EFBC}") = "Targil_1", "Aviad\Targil_1.csproj", "{E5BB5376-6D44-4AE5-A7DD-2330D1374395}"
EndProject
Project("{FAE04EC0-301F-11D3-BF4B-00C04F79EFBC}") = "Targil_2", "Targil_2\Targil_2.csproj", "{81F00401-D468-494F-8E99-A5138429B126}"
EndProject
Project("{FAE04EC0-301F-11D3-BF4B-00C04F79EFBC}") = "Targil_3", "Targil_3\Targil_3.csproj", "{669709E7-2152-4300-BBBF-C2FB23E0C1AD}"
EndProject
Project("{FAE04EC0-301F-11D3-BF4B-00C04F79EFBC}") = "Targil_4", "Targil_4\Targil_4.csproj", "{1D8E46DD-519B-42C3-9CD8-C86FB9DCD765}"
EndProject
Project("{2150E333-8FDC-42A3-9474-1A3956D46DE8}") = "Object", "Object", "{8B8901ED-E530-4C81-80E6-8CE8DD90AE2B}"
EndProject
Project("{FAE04EC0-301F-11D3-BF4B-00C04F79EFBC}") = "Targil_5", "Targil_5\Targil_5.csproj", "{DE5EE2CA-EE07-4F23-8C11-512FA52B3106}"
EndProject
Project("{FAE04EC0-301F-11D3-BF4B-00C04F79EFBC}") = "Polimorfizm", "Polimorfizm\Polimorfizm.csproj", "{B4C0685C-3D84-4F29-8F89-C8AA121BD907}"
EndProject
Project("{FAE04EC0-301F-11D3-BF4B-00C04F79EFBC}") = "Inkapsulyaciya", "Inkapsulyaciya\Inkapsulyaciya.csproj", "{C1302177-2C2B-4084-9269-5CEC212748F8}"
EndProject
Project("{FAE04EC0-301F-11D3-BF4B-00C04F79EFBC}") = "IEnumerable_IEnumerator", "IEnumerable_IEnumerator\IEnumerable_IEnumerator.csproj", "{DD6EC9B3-3B90-40CC-9ABF-6AA6F4FD3707}"
EndProject
Project("{FAE04EC0-301F-11D3-BF4B-00C04F79EFBC}") = "IEnumerable_IEnumerator_2", "IEnumerable_IEnumerator_2\IEnumerable_IEnumerator_2.csproj", "{8048F044-2818-4759-88BA-7893D4C2FABF}"
EndProject
Project("{2150E333-8FDC-42A3-9474-1A3956D46DE8}") = "19.07.15", "19.07.15", "{37F95FC9-41F2-48D0-8DD0-FEED23A22084}"
EndProject
Project("{FAE04EC0-301F-11D3-BF4B-00C04F79EFBC}") = "Calculator", "Calculator\Calculator.csproj", "{2D54C21F-3AB7-41CF-943A-72A112419305}"
EndProject
Project("{FAE04EC0-301F-11D3-BF4B-00C04F79EFBC}") = "IEnumerableCars", "IEnumerableCars\IEnumerableCars.csproj", "{437633AE-B792-471E-A4BD-044E4A38EB80}"
EndProject
Project("{FAE04EC0-301F-11D3-BF4B-00C04F79EFBC}") = "IEnumerable_IClonable", "IEnumerable_IClonable\IEnumerable_IClonable.csproj", "{4A9A86E1-8CEE-46F3-B2A1-4658E725FFE9}"
EndProject
Project("{FAE04EC0-301F-11D3-BF4B-00C04F79EFBC}") = "IComparable", "IComparable\IComparable.csproj", "{53F070A4-D883-4CC6-8306-2CB97F3F8B42}"
EndProject
Project("{FAE04EC0-301F-11D3-BF4B-00C04F79EFBC}") = "Targil_7", "Targil_7\Targil_7.csproj", "{7854AA26-AE2E-4CE1-A8D3-AB85F1A15726}"
EndProject
Project("{2150E333-8FDC-42A3-9474-1A3956D46DE8}") = "Multithreaded", "Multithreaded", "{78F44054-B22E-4D51-8157-C74CAA16C4E1}"
EndProject
Project("{FAE04EC0-301F-11D3-BF4B-00C04F79EFBC}") = "ThreadExamples", "ThreadExamples\ThreadExamples.csproj", "{51998BE6-36B8-4BD0-BF53-F0C6344AEAEF}"
EndProject
Project("{FAE04EC0-301F-11D3-BF4B-00C04F79EFBC}") = "Targil_10", "Targil_10\Targil_10.csproj", "{B5C60EEB-EA9A-4858-A8EA-84A7A7DA3826}"
EndProject
Project("{FAE04EC0-301F-11D3-BF4B-00C04F79EFBC}") = "Targil_8", "Targil_8\Targil_8.csproj", "{BFD2089A-5942-4375-8B62-52B7836F21A3}"
EndProject
Project("{FAE04EC0-301F-11D3-BF4B-00C04F79EFBC}") = "Test", "Test\Test.csproj", "{886A216E-7D8F-46D2-816F-BD5D53883A32}"
EndProject
Project("{FAE04EC0-301F-11D3-BF4B-00C04F79EFBC}") = "Events", "Events\Events.csproj", "{477EA6CE-BBB4-4438-B04E-9A49DA1C0C2D}"
EndProject
Global
	GlobalSection(SolutionConfigurationPlatforms) = preSolution
		Debug|Any CPU = Debug|Any CPU
		Release|Any CPU = Release|Any CPU
	EndGlobalSection
	GlobalSection(ProjectConfigurationPlatforms) = postSolution
		{E5BB5376-6D44-4AE5-A7DD-2330D1374395}.Debug|Any CPU.ActiveCfg = Debug|Any CPU
		{E5BB5376-6D44-4AE5-A7DD-2330D1374395}.Debug|Any CPU.Build.0 = Debug|Any CPU
		{E5BB5376-6D44-4AE5-A7DD-2330D1374395}.Release|Any CPU.ActiveCfg = Release|Any CPU
		{E5BB5376-6D44-4AE5-A7DD-2330D1374395}.Release|Any CPU.Build.0 = Release|Any CPU
		{81F00401-D468-494F-8E99-A5138429B126}.Debug|Any CPU.ActiveCfg = Debug|Any CPU
		{81F00401-D468-494F-8E99-A5138429B126}.Debug|Any CPU.Build.0 = Debug|Any CPU
		{81F00401-D468-494F-8E99-A5138429B126}.Release|Any CPU.ActiveCfg = Release|Any CPU
		{81F00401-D468-494F-8E99-A5138429B126}.Release|Any CPU.Build.0 = Release|Any CPU
		{669709E7-2152-4300-BBBF-C2FB23E0C1AD}.Debug|Any CPU.ActiveCfg = Debug|Any CPU
		{669709E7-2152-4300-BBBF-C2FB23E0C1AD}.Debug|Any CPU.Build.0 = Debug|Any CPU
		{669709E7-2152-4300-BBBF-C2FB23E0C1AD}.Release|Any CPU.ActiveCfg = Release|Any CPU
		{669709E7-2152-4300-BBBF-C2FB23E0C1AD}.Release|Any CPU.Build.0 = Release|Any CPU
		{1D8E46DD-519B-42C3-9CD8-C86FB9DCD765}.Debug|Any CPU.ActiveCfg = Debug|Any CPU
		{1D8E46DD-519B-42C3-9CD8-C86FB9DCD765}.Debug|Any CPU.Build.0 = Debug|Any CPU
		{1D8E46DD-519B-42C3-9CD8-C86FB9DCD765}.Release|Any CPU.ActiveCfg = Release|Any CPU
		{1D8E46DD-519B-42C3-9CD8-C86FB9DCD765}.Release|Any CPU.Build.0 = Release|Any CPU
		{DE5EE2CA-EE07-4F23-8C11-512FA52B3106}.Debug|Any CPU.ActiveCfg = Debug|Any CPU
		{DE5EE2CA-EE07-4F23-8C11-512FA52B3106}.Debug|Any CPU.Build.0 = Debug|Any CPU
		{DE5EE2CA-EE07-4F23-8C11-512FA52B3106}.Release|Any CPU.ActiveCfg = Release|Any CPU
		{DE5EE2CA-EE07-4F23-8C11-512FA52B3106}.Release|Any CPU.Build.0 = Release|Any CPU
		{B4C0685C-3D84-4F29-8F89-C8AA121BD907}.Debug|Any CPU.ActiveCfg = Debug|Any CPU
		{B4C0685C-3D84-4F29-8F89-C8AA121BD907}.Debug|Any CPU.Build.0 = Debug|Any CPU
		{B4C0685C-3D84-4F29-8F89-C8AA121BD907}.Release|Any CPU.ActiveCfg = Release|Any CPU
		{B4C0685C-3D84-4F29-8F89-C8AA121BD907}.Release|Any CPU.Build.0 = Release|Any CPU
		{C1302177-2C2B-4084-9269-5CEC212748F8}.Debug|Any CPU.ActiveCfg = Debug|Any CPU
		{C1302177-2C2B-4084-9269-5CEC212748F8}.Debug|Any CPU.Build.0 = Debug|Any CPU
		{C1302177-2C2B-4084-9269-5CEC212748F8}.Release|Any CPU.ActiveCfg = Release|Any CPU
		{C1302177-2C2B-4084-9269-5CEC212748F8}.Release|Any CPU.Build.0 = Release|Any CPU
		{DD6EC9B3-3B90-40CC-9ABF-6AA6F4FD3707}.Debug|Any CPU.ActiveCfg = Debug|Any CPU
		{DD6EC9B3-3B90-40CC-9ABF-6AA6F4FD3707}.Debug|Any CPU.Build.0 = Debug|Any CPU
		{DD6EC9B3-3B90-40CC-9ABF-6AA6F4FD3707}.Release|Any CPU.ActiveCfg = Release|Any CPU
		{DD6EC9B3-3B90-40CC-9ABF-6AA6F4FD3707}.Release|Any CPU.Build.0 = Release|Any CPU
		{8048F044-2818-4759-88BA-7893D4C2FABF}.Debug|Any CPU.ActiveCfg = Debug|Any CPU
		{8048F044-2818-4759-88BA-7893D4C2FABF}.Debug|Any CPU.Build.0 = Debug|Any CPU
		{8048F044-2818-4759-88BA-7893D4C2FABF}.Release|Any CPU.ActiveCfg = Release|Any CPU
		{8048F044-2818-4759-88BA-7893D4C2FABF}.Release|Any CPU.Build.0 = Release|Any CPU
		{2D54C21F-3AB7-41CF-943A-72A112419305}.Debug|Any CPU.ActiveCfg = Debug|Any CPU
		{2D54C21F-3AB7-41CF-943A-72A112419305}.Debug|Any CPU.Build.0 = Debug|Any CPU
		{2D54C21F-3AB7-41CF-943A-72A112419305}.Release|Any CPU.ActiveCfg = Release|Any CPU
		{2D54C21F-3AB7-41CF-943A-72A112419305}.Release|Any CPU.Build.0 = Release|Any CPU
		{437633AE-B792-471E-A4BD-044E4A38EB80}.Debug|Any CPU.ActiveCfg = Debug|Any CPU
		{437633AE-B792-471E-A4BD-044E4A38EB80}.Debug|Any CPU.Build.0 = Debug|Any CPU
		{437633AE-B792-471E-A4BD-044E4A38EB80}.Release|Any CPU.ActiveCfg = Release|Any CPU
		{437633AE-B792-471E-A4BD-044E4A38EB80}.Release|Any CPU.Build.0 = Release|Any CPU
		{4A9A86E1-8CEE-46F3-B2A1-4658E725FFE9}.Debug|Any CPU.ActiveCfg = Debug|Any CPU
		{4A9A86E1-8CEE-46F3-B2A1-4658E725FFE9}.Debug|Any CPU.Build.0 = Debug|Any CPU
		{4A9A86E1-8CEE-46F3-B2A1-4658E725FFE9}.Release|Any CPU.ActiveCfg = Release|Any CPU
		{4A9A86E1-8CEE-46F3-B2A1-4658E725FFE9}.Release|Any CPU.Build.0 = Release|Any CPU
		{53F070A4-D883-4CC6-8306-2CB97F3F8B42}.Debug|Any CPU.ActiveCfg = Debug|Any CPU
		{53F070A4-D883-4CC6-8306-2CB97F3F8B42}.Debug|Any CPU.Build.0 = Debug|Any CPU
		{53F070A4-D883-4CC6-8306-2CB97F3F8B42}.Release|Any CPU.ActiveCfg = Release|Any CPU
		{53F070A4-D883-4CC6-8306-2CB97F3F8B42}.Release|Any CPU.Build.0 = Release|Any CPU
		{7854AA26-AE2E-4CE1-A8D3-AB85F1A15726}.Debug|Any CPU.ActiveCfg = Debug|Any CPU
		{7854AA26-AE2E-4CE1-A8D3-AB85F1A15726}.Debug|Any CPU.Build.0 = Debug|Any CPU
		{7854AA26-AE2E-4CE1-A8D3-AB85F1A15726}.Release|Any CPU.ActiveCfg = Release|Any CPU
		{7854AA26-AE2E-4CE1-A8D3-AB85F1A15726}.Release|Any CPU.Build.0 = Release|Any CPU
		{51998BE6-36B8-4BD0-BF53-F0C6344AEAEF}.Debug|Any CPU.ActiveCfg = Debug|Any CPU
		{51998BE6-36B8-4BD0-BF53-F0C6344AEAEF}.Debug|Any CPU.Build.0 = Debug|Any CPU
		{51998BE6-36B8-4BD0-BF53-F0C6344AEAEF}.Release|Any CPU.ActiveCfg = Release|Any CPU
		{51998BE6-36B8-4BD0-BF53-F0C6344AEAEF}.Release|Any CPU.Build.0 = Release|Any CPU
		{B5C60EEB-EA9A-4858-A8EA-84A7A7DA3826}.Debug|Any CPU.ActiveCfg = Debug|Any CPU
		{B5C60EEB-EA9A-4858-A8EA-84A7A7DA3826}.Debug|Any CPU.Build.0 = Debug|Any CPU
		{B5C60EEB-EA9A-4858-A8EA-84A7A7DA3826}.Release|Any CPU.ActiveCfg = Release|Any CPU
		{B5C60EEB-EA9A-4858-A8EA-84A7A7DA3826}.Release|Any CPU.Build.0 = Release|Any CPU
		{BFD2089A-5942-4375-8B62-52B7836F21A3}.Debug|Any CPU.ActiveCfg = Debug|Any CPU
		{BFD2089A-5942-4375-8B62-52B7836F21A3}.Debug|Any CPU.Build.0 = Debug|Any CPU
		{BFD2089A-5942-4375-8B62-52B7836F21A3}.Release|Any CPU.ActiveCfg = Release|Any CPU
		{BFD2089A-5942-4375-8B62-52B7836F21A3}.Release|Any CPU.Build.0 = Release|Any CPU
		{886A216E-7D8F-46D2-816F-BD5D53883A32}.Debug|Any CPU.ActiveCfg = Debug|Any CPU
		{886A216E-7D8F-46D2-816F-BD5D53883A32}.Debug|Any CPU.Build.0 = Debug|Any CPU
		{886A216E-7D8F-46D2-816F-BD5D53883A32}.Release|Any CPU.ActiveCfg = Release|Any CPU
		{886A216E-7D8F-46D2-816F-BD5D53883A32}.Release|Any CPU.Build.0 = Release|Any CPU
		{477EA6CE-BBB4-4438-B04E-9A49DA1C0C2D}.Debug|Any CPU.ActiveCfg = Debug|Any CPU
		{477EA6CE-BBB4-4438-B04E-9A49DA1C0C2D}.Debug|Any CPU.Build.0 = Debug|Any CPU
		{477EA6CE-BBB4-4438-B04E-9A49DA1C0C2D}.Release|Any CPU.ActiveCfg = Release|Any CPU
		{477EA6CE-BBB4-4438-B04E-9A49DA1C0C2D}.Release|Any CPU.Build.0 = Release|Any CPU
	EndGlobalSection
	GlobalSection(SolutionProperties) = preSolution
		HideSolutionNode = FALSE
	EndGlobalSection
	GlobalSection(NestedProjects) = preSolution
		{E5BB5376-6D44-4AE5-A7DD-2330D1374395} = {8B8901ED-E530-4C81-80E6-8CE8DD90AE2B}
		{81F00401-D468-494F-8E99-A5138429B126} = {8B8901ED-E530-4C81-80E6-8CE8DD90AE2B}
		{669709E7-2152-4300-BBBF-C2FB23E0C1AD} = {8B8901ED-E530-4C81-80E6-8CE8DD90AE2B}
		{1D8E46DD-519B-42C3-9CD8-C86FB9DCD765} = {8B8901ED-E530-4C81-80E6-8CE8DD90AE2B}
		{DE5EE2CA-EE07-4F23-8C11-512FA52B3106} = {8B8901ED-E530-4C81-80E6-8CE8DD90AE2B}
		{B4C0685C-3D84-4F29-8F89-C8AA121BD907} = {8B8901ED-E530-4C81-80E6-8CE8DD90AE2B}
		{C1302177-2C2B-4084-9269-5CEC212748F8} = {8B8901ED-E530-4C81-80E6-8CE8DD90AE2B}
		{DD6EC9B3-3B90-40CC-9ABF-6AA6F4FD3707} = {8B8901ED-E530-4C81-80E6-8CE8DD90AE2B}
		{8048F044-2818-4759-88BA-7893D4C2FABF} = {8B8901ED-E530-4C81-80E6-8CE8DD90AE2B}
		{2D54C21F-3AB7-41CF-943A-72A112419305} = {37F95FC9-41F2-48D0-8DD0-FEED23A22084}
		{437633AE-B792-471E-A4BD-044E4A38EB80} = {37F95FC9-41F2-48D0-8DD0-FEED23A22084}
		{7854AA26-AE2E-4CE1-A8D3-AB85F1A15726} = {8B8901ED-E530-4C81-80E6-8CE8DD90AE2B}
		{51998BE6-36B8-4BD0-BF53-F0C6344AEAEF} = {78F44054-B22E-4D51-8157-C74CAA16C4E1}
		{B5C60EEB-EA9A-4858-A8EA-84A7A7DA3826} = {8B8901ED-E530-4C81-80E6-8CE8DD90AE2B}
		{BFD2089A-5942-4375-8B62-52B7836F21A3} = {8B8901ED-E530-4C81-80E6-8CE8DD90AE2B}
		{886A216E-7D8F-46D2-816F-BD5D53883A32} = {37F95FC9-41F2-48D0-8DD0-FEED23A22084}
		{477EA6CE-BBB4-4438-B04E-9A49DA1C0C2D} = {78F44054-B22E-4D51-8157-C74CAA16C4E1}
	EndGlobalSection
EndGlobal
